{
  "name": "icons-ai",
  "version": "1.0.2",
  "lockfileVersion": 3,
  "requires": true,
  "packages": {
    "": {
      "name": "icons-ai",
      "version": "1.0.2",
      "license": "MIT",
      "dependencies": {
        "icons-ai": "^1.0.2"
      }
    },
    "node_modules/icons-ai": {
      "version": "1.0.2",
      "resolved": "https://registry.npmjs.org/icons-ai/-/icons-ai-1.0.2.tgz",
      "integrity": "sha512-Sj+BiWthDIQnNgSJ1UoZ+6fh85x/C8yogBo+30nhKFbXbnJyfn5vNfiCUt5b7XtFGtmaxKnRbLop6tX0EFkDwA==",
      "license": "MIT"
    }
  }
}
